        "pigeon-maps": "^0.22.1",
    "node_modules/pigeon-maps": {
      "version": "0.22.1",
      "resolved": "https://registry.npmjs.org/pigeon-maps/-/pigeon-maps-0.22.1.tgz",
      "integrity": "sha512-mVWxgpIyhAekITeJvDGlFAo/Ytm6Fg7prpDiAuQ0Z6cJ/LwpnS8F0sF+0TDqyJu7C/DDHupkstFTNoIRqhdP5A==",
      "license": "MIT",
      "peerDependencies": {
        "react": "*"
      }
    },
