        "@tippyjs/react": "^4.2.6",
    "node_modules/@tippyjs/react": {
      "version": "4.2.6",
      "resolved": "https://registry.npmjs.org/@tippyjs/react/-/react-4.2.6.tgz",
      "integrity": "sha512-91RicDR+H7oDSyPycI13q3b7o4O60wa2oRbjlz2fyRLmHImc4vyDwuUP8NtZaN0VARJY5hybvDYrFzhY9+Lbyw==",
      "license": "MIT",
      "dependencies": {
        "tippy.js": "^6.3.1"
      },
      "peerDependencies": {
        "react": ">=16.8",
        "react-dom": ">=16.8"
      }
    },
